{
  "name": "bw-cli",
  "version": "1.0.0",
  "lockfileVersion": 1,
  "requires": true,
  "dependencies": {
    "chalk": {
      "version": "2.4.2",
      "resolved": "https://registry.npm.taobao.org/chalk/download/chalk-2.4.2.tgz",
      "dev": true,
      "dependencies": {
        "ansi-styles": {
          "version": "https://registry.npm.taobao.org/ansi-styles/download/ansi-styles-3.2.1.tgz"
        },
        "escape-string-regexp": {
          "version": "https://registry.npm.taobao.org/escape-string-regexp/download/escape-string-regexp-1.0.5.tgz"
        },
        "supports-color": {
          "version": "https://registry.npm.taobao.org/supports-color/download/supports-color-5.5.0.tgz"
        }
      }
    },
    "commander": {
      "version": "2.20.0",
      "resolved": "http://registry.npm.taobao.org/commander/download/commander-2.20.0.tgz",
      "integrity": "sha1-1YuytcHuj4ew00ACfp6U4iLFpCI=",
      "dev": true
    },
    "download-git-repo": {
      "version": "1.1.0",
      "resolved": "https://registry.npm.taobao.org/download-git-repo/download/download-git-repo-1.1.0.tgz",
      "dev": true,
      "dependencies": {
        "download": {
          "version": "https://registry.npm.taobao.org/download/download/download-5.0.3.tgz",
          "dependencies": {
            "caw": {
              "version": "https://registry.npm.taobao.org/caw/download/caw-2.0.1.tgz",
              "dependencies": {
                "get-proxy": {
                  "version": "https://registry.npm.taobao.org/get-proxy/download/get-proxy-2.1.0.tgz",
                  "bundled": true,
                  "dependencies": {
                    "npm-conf": {
                      "version": "https://registry.npm.taobao.org/npm-conf/download/npm-conf-1.1.3.tgz",
                      "bundled": true
                    }
                  }
                },
                "isurl": {
                  "version": "https://registry.npm.taobao.org/isurl/download/isurl-1.0.0.tgz",
                  "bundled": true
                },
                "tunnel-agent": {
                  "version": "https://registry.npm.taobao.org/tunnel-agent/download/tunnel-agent-0.6.0.tgz",
                  "bundled": true
                },
                "url-to-options": {
                  "version": "https://registry.npm.taobao.org/url-to-options/download/url-to-options-1.0.1.tgz",
                  "bundled": true
                }
              }
            },
            "decompress": {
              "version": "https://registry.npm.taobao.org/decompress/download/decompress-4.2.0.tgz",
              "dependencies": {
                "decompress-tar": {
                  "version": "https://registry.npm.taobao.org/decompress-tar/download/decompress-tar-4.1.1.tgz"
                },
                "decompress-tarbz2": {
                  "version": "https://registry.npm.taobao.org/decompress-tarbz2/download/decompress-tarbz2-4.1.1.tgz"
                },
                "decompress-targz": {
                  "version": "https://registry.npm.taobao.org/decompress-targz/download/decompress-targz-4.1.1.tgz"
                },
                "decompress-unzip": {
                  "version": "https://registry.npm.taobao.org/decompress-unzip/download/decompress-unzip-4.0.1.tgz"
                },
                "graceful-fs": {
                  "version": "https://registry.npm.taobao.org/graceful-fs/download/graceful-fs-4.1.15.tgz"
                },
                "make-dir": {
                  "version": "https://registry.npm.taobao.org/make-dir/download/make-dir-1.3.0.tgz",
                  "dependencies": {
                    "pify": {
                      "version": "https://registry.npm.taobao.org/pify/download/pify-3.0.0.tgz"
                    }
                  }
                },
                "pify": {
                  "version": "https://registry.npm.taobao.org/pify/download/pify-2.3.0.tgz"
                },
                "strip-dirs": {
                  "version": "https://registry.npm.taobao.org/strip-dirs/download/strip-dirs-2.1.0.tgz"
                }
              }
            },
            "filenamify": {
              "version": "https://registry.npm.taobao.org/filenamify/download/filenamify-2.1.0.tgz"
            },
            "get-stream": {
              "version": "https://registry.npm.taobao.org/get-stream/download/get-stream-3.0.0.tgz"
            },
            "got": {
              "version": "https://registry.npm.taobao.org/got/download/got-6.7.1.tgz"
            },
            "mkdirp": {
              "version": "https://registry.npm.taobao.org/mkdirp/download/mkdirp-0.5.1.tgz?cache=0&other_urls=https%3A%2F%2Fregistry.npm.taobao.org%2Fmkdirp%2Fdownload%2Fmkdirp-0.5.1.tgz",
              "dependencies": {
                "minimist": {
                  "version": "https://registry.npm.taobao.org/minimist/download/minimist-0.0.8.tgz?cache=0&other_urls=https%3A%2F%2Fregistry.npm.taobao.org%2Fminimist%2Fdownload%2Fminimist-0.0.8.tgz"
                }
              }
            },
            "pify": {
              "version": "https://registry.npm.taobao.org/pify/download/pify-2.3.0.tgz"
            }
          }
        },
        "git-clone": {
          "version": "https://registry.npm.taobao.org/git-clone/download/git-clone-0.1.0.tgz"
        },
        "rimraf": {
          "version": "https://registry.npm.taobao.org/rimraf/download/rimraf-2.6.3.tgz?cache=0&other_urls=https%3A%2F%2Fregistry.npm.taobao.org%2Frimraf%2Fdownload%2Frimraf-2.6.3.tgz",
          "dependencies": {
            "glob": {
              "version": "https://registry.npm.taobao.org/glob/download/glob-7.1.3.tgz?cache=0&other_urls=https%3A%2F%2Fregistry.npm.taobao.org%2Fglob%2Fdownload%2Fglob-7.1.3.tgz",
              "dependencies": {
                "fs.realpath": {
                  "version": "https://registry.npm.taobao.org/fs.realpath/download/fs.realpath-1.0.0.tgz"
                },
                "inflight": {
                  "version": "https://registry.npm.taobao.org/inflight/download/inflight-1.0.6.tgz"
                },
                "inherits": {
                  "version": "https://registry.npm.taobao.org/inherits/download/inherits-2.0.3.tgz"
                },
                "minimatch": {
                  "version": "https://registry.npm.taobao.org/minimatch/download/minimatch-3.0.4.tgz"
                },
                "once": {
                  "version": "https://registry.npm.taobao.org/once/download/once-1.4.0.tgz",
                  "dependencies": {
                    "wrappy": {
                      "version": "https://registry.npm.taobao.org/wrappy/download/wrappy-1.0.2.tgz"
                    }
                  }
                },
                "path-is-absolute": {
                  "version": "https://registry.npm.taobao.org/path-is-absolute/download/path-is-absolute-1.0.1.tgz"
                }
              }
            }
          }
        }
      }
    },
    "fs-extra": {
      "version": "7.0.1",
      "resolved": "http://registry.npm.taobao.org/fs-extra/download/fs-extra-7.0.1.tgz",
      "integrity": "sha1-TxicRKoSO4lfcigE9V6iPq3DSOk=",
      "dev": true,
      "requires": {
        "graceful-fs": "^4.1.2",
        "jsonfile": "^4.0.0",
        "universalify": "^0.1.0"
      },
      "dependencies": {
        "jsonfile": {
          "version": "4.0.0",
          "resolved": "http://registry.npm.taobao.org/jsonfile/download/jsonfile-4.0.0.tgz",
          "integrity": "sha1-h3Gq4HmbZAdrdmQPygWPnBDjPss=",
          "dev": true,
          "requires": {
            "graceful-fs": "^4.1.6"
          }
        }
      }
    },
    "graceful-fs": {
      "version": "4.1.15",
      "resolved": "https://registry.npm.taobao.org/graceful-fs/download/graceful-fs-4.1.15.tgz",
      "dev": true
    },
    "universalify": {
      "version": "0.1.2",
      "resolved": "https://registry.npm.taobao.org/universalify/download/universalify-0.1.2.tgz",
      "dev": true
    },
    "validate-npm-package-name": {
      "version": "3.0.0",
      "resolved": "https://registry.npm.taobao.org/validate-npm-package-name/download/validate-npm-package-name-3.0.0.tgz",
      "integrity": "sha1-X6kS2B630MdK/BQN5zF/DKffQ34=",
      "dev": true,
      "requires": {
        "builtins": "^1.0.3"
      },
      "dependencies": {
        "builtins": {
          "version": "1.0.3",
          "resolved": "https://registry.npm.taobao.org/builtins/download/builtins-1.0.3.tgz",
          "integrity": "sha1-y5T662HIaWRR2zZTThQi+U8K7og=",
          "dev": true
        }
      }
    }
  }
}
